<Solution>
  <Project Path="Utilities.Editor.csproj" />
  <Project Path="Assembly-CSharp.csproj" />
  <Project Path="Assembly-CSharp-Editor.csproj" />
  <Project Path="Utilities.Inputs.csproj" />
  <Project Path="Utilities.csproj" />
  <Project Path="Damin.VFX.HoodMissile.csproj" />
  <Project Path="Utilities.Test.Editor.csproj" />
  <Project Path="Utilities.Core.csproj" />
  <Project Path="Utilities.Test.csproj" />
  <Project Path="Utilities.Inputs.Editor.csproj" />
  <Project Path="Utilities.Extensions.csproj" />
  <Project Path="Utilities.Core.Editor.csproj" />
  <Project Path="Damin.VFX.HoodMissile.CubePreview.csproj" />
</Solution>
